// !$*UTF8*$!
{
	archiveVersion = 1;
	classes = {
	};
	objectVersion = 46;
	objects = {

/* Begin PBXBuildFile section */
		36508C5C1F83E12500403423 /* AppDelegate.swift in Sources */ = {isa = PBXBuildFile; fileRef = 36508C2C1F83E12500403423 /* AppDelegate.swift */; };
		36508C5D1F83E12500403423 /* Assets.xcassets in Resources */ = {isa = PBXBuildFile; fileRef = 36508C2D1F83E12500403423 /* Assets.xcassets */; };
		36508C5E1F83E12500403423 /* LaunchScreen.storyboard in Resources */ = {isa = PBXBuildFile; fileRef = 36508C2E1F83E12500403423 /* LaunchScreen.storyboard */; };
		36508C5F1F83E12500403423 /* Main.storyboard in Resources */ = {isa = PBXBuildFile; fileRef = 36508C301F83E12500403423 /* Main.storyboard */; };
		36508C691F83E12500403423 /* Info.plist in Resources */ = {isa = PBXBuildFile; fileRef = 36508C441F83E12500403423 /* Info.plist */; };
		36508C9B1F83E27A00403423 /* AudioPlayer.swift in Sources */ = {isa = PBXBuildFile; fileRef = 36508C771F83E27A00403423 /* AudioPlayer.swift */; };
		36508C9C1F83E27A00403423 /* AudioRecorder.swift in Sources */ = {isa = PBXBuildFile; fileRef = 36508C791F83E27A00403423 /* AudioRecorder.swift */; };
		36508C9D1F83E27A00403423 /* String+Localized.swift in Sources */ = {isa = PBXBuildFile; fileRef = 36508C7B1F83E27A00403423 /* String+Localized.swift */; };
		36508C9E1F83E27A00403423 /* FileStorage.swift in Sources */ = {isa = PBXBuildFile; fileRef = 36508C7D1F83E27A00403423 /* FileStorage.swift */; };
		36508C9F1F83E27A00403423 /* IFileStorage.swift in Sources */ = {isa = PBXBuildFile; fileRef = 36508C7F1F83E27A00403423 /* IFileStorage.swift */; };
		36508CA01F83E27A00403423 /* IAPIClient.swift in Sources */ = {isa = PBXBuildFile; fileRef = 36508C821F83E27A00403423 /* IAPIClient.swift */; };
		36508CA11F83E27A00403423 /* NetworkService+API.swift in Sources */ = {isa = PBXBuildFile; fileRef = 36508C831F83E27A00403423 /* NetworkService+API.swift */; };
		36508CA21F83E27A00403423 /* NetworkService.swift in Sources */ = {isa = PBXBuildFile; fileRef = 36508C841F83E27A00403423 /* NetworkService.swift */; };
		36508CA31F83E27A00403423 /* Utils.swift in Sources */ = {isa = PBXBuildFile; fileRef = 36508C861F83E27A00403423 /* Utils.swift */; };
		36508CA41F83E27A00403423 /* Localizable.strings in Resources */ = {isa = PBXBuildFile; fileRef = 36508C881F83E27A00403423 /* Localizable.strings */; };
		36508CA51F83E27A00403423 /* TapAndHoldButton.swift in Sources */ = {isa = PBXBuildFile; fileRef = 36508C8C1F83E27A00403423 /* TapAndHoldButton.swift */; };
		36508CA61F83E27A00403423 /* UIViewController+Alert.swift in Sources */ = {isa = PBXBuildFile; fileRef = 36508C8F1F83E27A00403423 /* UIViewController+Alert.swift */; };
		36508CA71F83E27A00403423 /* VoiceRecorderViewController.swift in Sources */ = {isa = PBXBuildFile; fileRef = 36508C921F83E27A00403423 /* VoiceRecorderViewController.swift */; };
		36508CA81F83E27A00403423 /* IVoiceRecorderViewModel.swift in Sources */ = {isa = PBXBuildFile; fileRef = 36508C961F83E27A00403423 /* IVoiceRecorderViewModel.swift */; };
		36508CA91F83E27A00403423 /* VoiceRecorderViewModel+APIClient.swift in Sources */ = {isa = PBXBuildFile; fileRef = 36508C971F83E27A00403423 /* VoiceRecorderViewModel+APIClient.swift */; };
		36508CAA1F83E27A00403423 /* VoiceRecorderViewModel+Player.swift in Sources */ = {isa = PBXBuildFile; fileRef = 36508C981F83E27A00403423 /* VoiceRecorderViewModel+Player.swift */; };
		36508CAB1F83E27A00403423 /* VoiceRecorderViewModel+Recorder.swift in Sources */ = {isa = PBXBuildFile; fileRef = 36508C991F83E27A00403423 /* VoiceRecorderViewModel+Recorder.swift */; };
		36508CAC1F83E27A00403423 /* VoiceRecorderViewModel.swift in Sources */ = {isa = PBXBuildFile; fileRef = 36508C9A1F83E27A00403423 /* VoiceRecorderViewModel.swift */; };
		36A84BCD1F82771F00749504 /* AVFoundation.framework in Frameworks */ = {isa = PBXBuildFile; fileRef = 36A84BCC1F82771F00749504 /* AVFoundation.framework */; };
		B45C999DF8B568892B1A63A8 /* Pods_VoiceRecorder.framework in Frameworks */ = {isa = PBXBuildFile; fileRef = A7D5250A6606EAD506334D8C /* Pods_VoiceRecorder.framework */; };
/* End PBXBuildFile section */

/* Begin PBXContainerItemProxy section */
		36A84BA11F82721700749504 /* PBXContainerItemProxy */ = {
			isa = PBXContainerItemProxy;
			containerPortal = 36A84B841F82721700749504 /* Project object */;
			proxyType = 1;
			remoteGlobalIDString = 36A84B8B1F82721700749504;
			remoteInfo = PlayerRecorder;
		};
/* End PBXContainerItemProxy section */

/* Begin PBXFileReference section */
		03460BC0EBD2BC12B06B609B /* Pods-PlayerRecorder.debug.xcconfig */ = {isa = PBXFileReference; includeInIndex = 1; lastKnownFileType = text.xcconfig; name = "Pods-PlayerRecorder.debug.xcconfig"; path = "../Pods/Target Support Files/Pods-PlayerRecorder/Pods-PlayerRecorder.debug.xcconfig"; sourceTree = "<group>"; };
		36508C2C1F83E12500403423 /* AppDelegate.swift */ = {isa = PBXFileReference; fileEncoding = 4; lastKnownFileType = sourcecode.swift; path = AppDelegate.swift; sourceTree = "<group>"; };
		36508C2D1F83E12500403423 /* Assets.xcassets */ = {isa = PBXFileReference; lastKnownFileType = folder.assetcatalog; path = Assets.xcassets; sourceTree = "<group>"; };
		36508C2F1F83E12500403423 /* Base */ = {isa = PBXFileReference; lastKnownFileType = file.storyboard; name = Base; path = Base.lproj/LaunchScreen.storyboard; sourceTree = "<group>"; };
		36508C311F83E12500403423 /* Base */ = {isa = PBXFileReference; lastKnownFileType = file.storyboard; name = Base; path = Base.lproj/Main.storyboard; sourceTree = "<group>"; };
		36508C441F83E12500403423 /* Info.plist */ = {isa = PBXFileReference; fileEncoding = 4; lastKnownFileType = text.plist.xml; path = Info.plist; sourceTree = "<group>"; };
		36508C771F83E27A00403423 /* AudioPlayer.swift */ = {isa = PBXFileReference; fileEncoding = 4; lastKnownFileType = sourcecode.swift; path = AudioPlayer.swift; sourceTree = "<group>"; };
		36508C791F83E27A00403423 /* AudioRecorder.swift */ = {isa = PBXFileReference; fileEncoding = 4; lastKnownFileType = sourcecode.swift; path = AudioRecorder.swift; sourceTree = "<group>"; };
		36508C7B1F83E27A00403423 /* String+Localized.swift */ = {isa = PBXFileReference; fileEncoding = 4; lastKnownFileType = sourcecode.swift; path = "String+Localized.swift"; sourceTree = "<group>"; };
		36508C7D1F83E27A00403423 /* FileStorage.swift */ = {isa = PBXFileReference; fileEncoding = 4; lastKnownFileType = sourcecode.swift; path = FileStorage.swift; sourceTree = "<group>"; };
		36508C7F1F83E27A00403423 /* IFileStorage.swift */ = {isa = PBXFileReference; fileEncoding = 4; lastKnownFileType = sourcecode.swift; path = IFileStorage.swift; sourceTree = "<group>"; };
		36508C821F83E27A00403423 /* IAPIClient.swift */ = {isa = PBXFileReference; fileEncoding = 4; lastKnownFileType = sourcecode.swift; path = IAPIClient.swift; sourceTree = "<group>"; };
		36508C831F83E27A00403423 /* NetworkService+API.swift */ = {isa = PBXFileReference; fileEncoding = 4; lastKnownFileType = sourcecode.swift; path = "NetworkService+API.swift"; sourceTree = "<group>"; };
		36508C841F83E27A00403423 /* NetworkService.swift */ = {isa = PBXFileReference; fileEncoding = 4; lastKnownFileType = sourcecode.swift; path = NetworkService.swift; sourceTree = "<group>"; };
		36508C861F83E27A00403423 /* Utils.swift */ = {isa = PBXFileReference; fileEncoding = 4; lastKnownFileType = sourcecode.swift; path = Utils.swift; sourceTree = "<group>"; };
		36508C881F83E27A00403423 /* Localizable.strings */ = {isa = PBXFileReference; fileEncoding = 4; lastKnownFileType = text.plist.strings; path = Localizable.strings; sourceTree = "<group>"; };
		36508C8C1F83E27A00403423 /* TapAndHoldButton.swift */ = {isa = PBXFileReference; fileEncoding = 4; lastKnownFileType = sourcecode.swift; path = TapAndHoldButton.swift; sourceTree = "<group>"; };
		36508C8F1F83E27A00403423 /* UIViewController+Alert.swift */ = {isa = PBXFileReference; fileEncoding = 4; lastKnownFileType = sourcecode.swift; path = "UIViewController+Alert.swift"; sourceTree = "<group>"; };
		36508C921F83E27A00403423 /* VoiceRecorderViewController.swift */ = {isa = PBXFileReference; fileEncoding = 4; lastKnownFileType = sourcecode.swift; path = VoiceRecorderViewController.swift; sourceTree = "<group>"; };
		36508C961F83E27A00403423 /* IVoiceRecorderViewModel.swift */ = {isa = PBXFileReference; fileEncoding = 4; lastKnownFileType = sourcecode.swift; path = IVoiceRecorderViewModel.swift; sourceTree = "<group>"; };
		36508C971F83E27A00403423 /* VoiceRecorderViewModel+APIClient.swift */ = {isa = PBXFileReference; fileEncoding = 4; lastKnownFileType = sourcecode.swift; path = "VoiceRecorderViewModel+APIClient.swift"; sourceTree = "<group>"; };
		36508C981F83E27A00403423 /* VoiceRecorderViewModel+Player.swift */ = {isa = PBXFileReference; fileEncoding = 4; lastKnownFileType = sourcecode.swift; path = "VoiceRecorderViewModel+Player.swift"; sourceTree = "<group>"; };
		36508C991F83E27A00403423 /* VoiceRecorderViewModel+Recorder.swift */ = {isa = PBXFileReference; fileEncoding = 4; lastKnownFileType = sourcecode.swift; path = "VoiceRecorderViewModel+Recorder.swift"; sourceTree = "<group>"; };
		36508C9A1F83E27A00403423 /* VoiceRecorderViewModel.swift */ = {isa = PBXFileReference; fileEncoding = 4; lastKnownFileType = sourcecode.swift; path = VoiceRecorderViewModel.swift; sourceTree = "<group>"; };
		36A84B8C1F82721700749504 /* VoiceRecorder.app */ = {isa = PBXFileReference; explicitFileType = wrapper.application; includeInIndex = 0; path = VoiceRecorder.app; sourceTree = BUILT_PRODUCTS_DIR; };
		36A84BA01F82721700749504 /* VoiceRecorderTests.xctest */ = {isa = PBXFileReference; explicitFileType = wrapper.cfbundle; includeInIndex = 0; path = VoiceRecorderTests.xctest; sourceTree = BUILT_PRODUCTS_DIR; };
		36A84BCC1F82771F00749504 /* AVFoundation.framework */ = {isa = PBXFileReference; lastKnownFileType = wrapper.framework; name = AVFoundation.framework; path = System/Library/Frameworks/AVFoundation.framework; sourceTree = SDKROOT; };
		A0B0471A8D8014BD9EEFB0FE /* Pods-PlayerRecorder.release.xcconfig */ = {isa = PBXFileReference; includeInIndex = 1; lastKnownFileType = text.xcconfig; name = "Pods-PlayerRecorder.release.xcconfig"; path = "../Pods/Target Support Files/Pods-PlayerRecorder/Pods-PlayerRecorder.release.xcconfig"; sourceTree = "<group>"; };
		A7D5250A6606EAD506334D8C /* Pods_VoiceRecorder.framework */ = {isa = PBXFileReference; explicitFileType = wrapper.framework; includeInIndex = 0; path = Pods_VoiceRecorder.framework; sourceTree = BUILT_PRODUCTS_DIR; };
		AEE3CF1C5D3EA40603E62BFF /* Pods-VoiceRecorder.debug.xcconfig */ = {isa = PBXFileReference; includeInIndex = 1; lastKnownFileType = text.xcconfig; name = "Pods-VoiceRecorder.debug.xcconfig"; path = "../Pods/Target Support Files/Pods-VoiceRecorder/Pods-VoiceRecorder.debug.xcconfig"; sourceTree = "<group>"; };
		FEF5E406F10C198611636EF2 /* Pods-VoiceRecorder.release.xcconfig */ = {isa = PBXFileReference; includeInIndex = 1; lastKnownFileType = text.xcconfig; name = "Pods-VoiceRecorder.release.xcconfig"; path = "../Pods/Target Support Files/Pods-VoiceRecorder/Pods-VoiceRecorder.release.xcconfig"; sourceTree = "<group>"; };
/* End PBXFileReference section */

/* Begin PBXFrameworksBuildPhase section */
		36A84B891F82721700749504 /* Frameworks */ = {
			isa = PBXFrameworksBuildPhase;
			buildActionMask = 2147483647;
			files = (
				36A84BCD1F82771F00749504 /* AVFoundation.framework in Frameworks */,
				B45C999DF8B568892B1A63A8 /* Pods_VoiceRecorder.framework in Frameworks */,
			);
			runOnlyForDeploymentPostprocessing = 0;
		};
		36A84B9D1F82721700749504 /* Frameworks */ = {
			isa = PBXFrameworksBuildPhase;
			buildActionMask = 2147483647;
			files = (
			);
			runOnlyForDeploymentPostprocessing = 0;
		};
/* End PBXFrameworksBuildPhase section */

/* Begin PBXGroup section */
		0EFBFC238AA5B6B085480C3E /* Pods */ = {
			isa = PBXGroup;
			children = (
				03460BC0EBD2BC12B06B609B /* Pods-PlayerRecorder.debug.xcconfig */,
				A0B0471A8D8014BD9EEFB0FE /* Pods-PlayerRecorder.release.xcconfig */,
				AEE3CF1C5D3EA40603E62BFF /* Pods-VoiceRecorder.debug.xcconfig */,
				FEF5E406F10C198611636EF2 /* Pods-VoiceRecorder.release.xcconfig */,
			);
			name = Pods;
			sourceTree = "<group>";
		};
		36508C2B1F83E12500403423 /* VoiceRecorder */ = {
			isa = PBXGroup;
			children = (
				36508C751F83E27A00403423 /* Core */,
				36508C871F83E27A00403423 /* Localization */,
				36508C891F83E27A00403423 /* UI */,
				36508C931F83E27A00403423 /* ViewModel */,
				36508C2C1F83E12500403423 /* AppDelegate.swift */,
				36508C2D1F83E12500403423 /* Assets.xcassets */,
				36508C2E1F83E12500403423 /* LaunchScreen.storyboard */,
				36508C301F83E12500403423 /* Main.storyboard */,
				36508C441F83E12500403423 /* Info.plist */,
			);
			path = VoiceRecorder;
			sourceTree = "<group>";
		};
		36508C751F83E27A00403423 /* Core */ = {
			isa = PBXGroup;
			children = (
				36508C761F83E27A00403423 /* AudioPlayer */,
				36508C781F83E27A00403423 /* AudioRecorder */,
				36508C7A1F83E27A00403423 /* Extensions */,
				36508C7C1F83E27A00403423 /* FileStorage */,
				36508C801F83E27A00403423 /* NetworkService */,
				36508C851F83E27A00403423 /* Utils */,
			);
			path = Core;
			sourceTree = "<group>";
		};
		36508C761F83E27A00403423 /* AudioPlayer */ = {
			isa = PBXGroup;
			children = (
				36508C771F83E27A00403423 /* AudioPlayer.swift */,
			);
			path = AudioPlayer;
			sourceTree = "<group>";
		};
		36508C781F83E27A00403423 /* AudioRecorder */ = {
			isa = PBXGroup;
			children = (
				36508C791F83E27A00403423 /* AudioRecorder.swift */,
			);
			path = AudioRecorder;
			sourceTree = "<group>";
		};
		36508C7A1F83E27A00403423 /* Extensions */ = {
			isa = PBXGroup;
			children = (
				36508C7B1F83E27A00403423 /* String+Localized.swift */,
			);
			path = Extensions;
			sourceTree = "<group>";
		};
		36508C7C1F83E27A00403423 /* FileStorage */ = {
			isa = PBXGroup;
			children = (
				36508C7D1F83E27A00403423 /* FileStorage.swift */,
				36508C7E1F83E27A00403423 /* Interfaces */,
			);
			path = FileStorage;
			sourceTree = "<group>";
		};
		36508C7E1F83E27A00403423 /* Interfaces */ = {
			isa = PBXGroup;
			children = (
				36508C7F1F83E27A00403423 /* IFileStorage.swift */,
			);
			path = Interfaces;
			sourceTree = "<group>";
		};
		36508C801F83E27A00403423 /* NetworkService */ = {
			isa = PBXGroup;
			children = (
				36508C811F83E27A00403423 /* APIClient */,
				36508C841F83E27A00403423 /* NetworkService.swift */,
			);
			path = NetworkService;
			sourceTree = "<group>";
		};
		36508C811F83E27A00403423 /* APIClient */ = {
			isa = PBXGroup;
			children = (
				36508C821F83E27A00403423 /* IAPIClient.swift */,
				36508C831F83E27A00403423 /* NetworkService+API.swift */,
			);
			path = APIClient;
			sourceTree = "<group>";
		};
		36508C851F83E27A00403423 /* Utils */ = {
			isa = PBXGroup;
			children = (
				36508C861F83E27A00403423 /* Utils.swift */,
			);
			path = Utils;
			sourceTree = "<group>";
		};
		36508C871F83E27A00403423 /* Localization */ = {
			isa = PBXGroup;
			children = (
				36508C881F83E27A00403423 /* Localizable.strings */,
			);
			path = Localization;
			sourceTree = "<group>";
		};
		36508C891F83E27A00403423 /* UI */ = {
			isa = PBXGroup;
			children = (
				36508C8A1F83E27A00403423 /* Controls */,
				36508C8D1F83E27A00403423 /* Extensions */,
				36508C901F83E27A00403423 /* ViewControllers */,
			);
			path = UI;
			sourceTree = "<group>";
		};
		36508C8A1F83E27A00403423 /* Controls */ = {
			isa = PBXGroup;
			children = (
				36508C8B1F83E27A00403423 /* TapAndHoldButton */,
			);
			path = Controls;
			sourceTree = "<group>";
		};
		36508C8B1F83E27A00403423 /* TapAndHoldButton */ = {
			isa = PBXGroup;
			children = (
				36508C8C1F83E27A00403423 /* TapAndHoldButton.swift */,
			);
			path = TapAndHoldButton;
			sourceTree = "<group>";
		};
		36508C8D1F83E27A00403423 /* Extensions */ = {
			isa = PBXGroup;
			children = (
				36508C8E1F83E27A00403423 /* Alert */,
			);
			path = Extensions;
			sourceTree = "<group>";
		};
		36508C8E1F83E27A00403423 /* Alert */ = {
			isa = PBXGroup;
			children = (
				36508C8F1F83E27A00403423 /* UIViewController+Alert.swift */,
			);
			path = Alert;
			sourceTree = "<group>";
		};
		36508C901F83E27A00403423 /* ViewControllers */ = {
			isa = PBXGroup;
			children = (
				36508C911F83E27A00403423 /* VoiceRecorder */,
			);
			path = ViewControllers;
			sourceTree = "<group>";
		};
		36508C911F83E27A00403423 /* VoiceRecorder */ = {
			isa = PBXGroup;
			children = (
				36508C921F83E27A00403423 /* VoiceRecorderViewController.swift */,
			);
			path = VoiceRecorder;
			sourceTree = "<group>";
		};
		36508C931F83E27A00403423 /* ViewModel */ = {
			isa = PBXGroup;
			children = (
				36508C941F83E27A00403423 /* VoiceRecorder */,
			);
			path = ViewModel;
			sourceTree = "<group>";
		};
		36508C941F83E27A00403423 /* VoiceRecorder */ = {
			isa = PBXGroup;
			children = (
				36508C951F83E27A00403423 /* Interfaces */,
				36508C971F83E27A00403423 /* VoiceRecorderViewModel+APIClient.swift */,
				36508C981F83E27A00403423 /* VoiceRecorderViewModel+Player.swift */,
				36508C991F83E27A00403423 /* VoiceRecorderViewModel+Recorder.swift */,
				36508C9A1F83E27A00403423 /* VoiceRecorderViewModel.swift */,
			);
			path = VoiceRecorder;
			sourceTree = "<group>";
		};
		36508C951F83E27A00403423 /* Interfaces */ = {
			isa = PBXGroup;
			children = (
				36508C961F83E27A00403423 /* IVoiceRecorderViewModel.swift */,
			);
			path = Interfaces;
			sourceTree = "<group>";
		};
		36A84B831F82721700749504 = {
			isa = PBXGroup;
			children = (
				36508C2B1F83E12500403423 /* VoiceRecorder */,
				36A84B8D1F82721700749504 /* Products */,
				36A84BCB1F82771F00749504 /* Frameworks */,
				0EFBFC238AA5B6B085480C3E /* Pods */,
			);
			sourceTree = "<group>";
		};
		36A84B8D1F82721700749504 /* Products */ = {
			isa = PBXGroup;
			children = (
				36A84B8C1F82721700749504 /* VoiceRecorder.app */,
				36A84BA01F82721700749504 /* VoiceRecorderTests.xctest */,
			);
			name = Products;
			sourceTree = "<group>";
		};
		36A84BCB1F82771F00749504 /* Frameworks */ = {
			isa = PBXGroup;
			children = (
				36A84BCC1F82771F00749504 /* AVFoundation.framework */,
				A7D5250A6606EAD506334D8C /* Pods_VoiceRecorder.framework */,
			);
			name = Frameworks;
			sourceTree = "<group>";
		};
/* End PBXGroup section */

/* Begin PBXNativeTarget section */
		36A84B8B1F82721700749504 /* VoiceRecorder */ = {
			isa = PBXNativeTarget;
			buildConfigurationList = 36A84BA91F82721700749504 /* Build configuration list for PBXNativeTarget "VoiceRecorder" */;
			buildPhases = (
				9841D4DB7BDBB5F4F09C00C5 /* [CP] Check Pods Manifest.lock */,
				36A84B881F82721700749504 /* Sources */,
				36A84B891F82721700749504 /* Frameworks */,
				36A84B8A1F82721700749504 /* Resources */,
				31DADE0BD84D9E2C9685552F /* [CP] Embed Pods Frameworks */,
				0C6377992BC7602F813FF715 /* [CP] Copy Pods Resources */,
			);
			buildRules = (
			);
			dependencies = (
			);
			name = VoiceRecorder;
			productName = PlayerRecorder;
			productReference = 36A84B8C1F82721700749504 /* VoiceRecorder.app */;
			productType = "com.apple.product-type.application";
		};
		36A84B9F1F82721700749504 /* VoiceRecorderTests */ = {
			isa = PBXNativeTarget;
			buildConfigurationList = 36A84BAC1F82721700749504 /* Build configuration list for PBXNativeTarget "VoiceRecorderTests" */;
			buildPhases = (
				36A84B9C1F82721700749504 /* Sources */,
				36A84B9D1F82721700749504 /* Frameworks */,
				36A84B9E1F82721700749504 /* Resources */,
			);
			buildRules = (
			);
			dependencies = (
				36A84BA21F82721700749504 /* PBXTargetDependency */,
			);
			name = VoiceRecorderTests;
			productName = PlayerRecorderTests;
			productReference = 36A84BA01F82721700749504 /* VoiceRecorderTests.xctest */;
			productType = "com.apple.product-type.bundle.unit-test";
		};
/* End PBXNativeTarget section */

/* Begin PBXProject section */
		36A84B841F82721700749504 /* Project object */ = {
			isa = PBXProject;
			attributes = {
				LastSwiftUpdateCheck = 0830;
				LastUpgradeCheck = 0830;
				ORGANIZATIONNAME = "Ilya Rudometov";
				TargetAttributes = {
					36A84B8B1F82721700749504 = {
						CreatedOnToolsVersion = 8.3.3;
						DevelopmentTeam = T4FZEXKFYW;
						ProvisioningStyle = Automatic;
					};
					36A84B9F1F82721700749504 = {
						CreatedOnToolsVersion = 8.3.3;
						DevelopmentTeam = T4FZEXKFYW;
						ProvisioningStyle = Automatic;
						TestTargetID = 36A84B8B1F82721700749504;
					};
				};
			};
			buildConfigurationList = 36A84B871F82721700749504 /* Build configuration list for PBXProject "VoiceRecorder" */;
			compatibilityVersion = "Xcode 3.2";
			developmentRegion = English;
			hasScannedForEncodings = 0;
			knownRegions = (
				en,
				Base,
			);
			mainGroup = 36A84B831F82721700749504;
			productRefGroup = 36A84B8D1F82721700749504 /* Products */;
			projectDirPath = "";
			projectRoot = "";
			targets = (
				36A84B8B1F82721700749504 /* VoiceRecorder */,
				36A84B9F1F82721700749504 /* VoiceRecorderTests */,
			);
		};
/* End PBXProject section */

/* Begin PBXResourcesBuildPhase section */
		36A84B8A1F82721700749504 /* Resources */ = {
			isa = PBXResourcesBuildPhase;
			buildActionMask = 2147483647;
			files = (
				36508CA41F83E27A00403423 /* Localizable.strings in Resources */,
				36508C691F83E12500403423 /* Info.plist in Resources */,
				36508C5F1F83E12500403423 /* Main.storyboard in Resources */,
				36508C5D1F83E12500403423 /* Assets.xcassets in Resources */,
				36508C5E1F83E12500403423 /* LaunchScreen.storyboard in Resources */,
			);
			runOnlyForDeploymentPostprocessing = 0;
		};
		36A84B9E1F82721700749504 /* Resources */ = {
			isa = PBXResourcesBuildPhase;
			buildActionMask = 2147483647;
			files = (
			);
			runOnlyForDeploymentPostprocessing = 0;
		};
/* End PBXResourcesBuildPhase section */

/* Begin PBXShellScriptBuildPhase section */
		0C6377992BC7602F813FF715 /* [CP] Copy Pods Resources */ = {
			isa = PBXShellScriptBuildPhase;
			buildActionMask = 2147483647;
			files = (
			);
			inputPaths = (
			);
			name = "[CP] Copy Pods Resources";
			outputPaths = (
			);
			runOnlyForDeploymentPostprocessing = 0;
			shellPath = /bin/sh;
			shellScript = "\"${SRCROOT}/../Pods/Target Support Files/Pods-VoiceRecorder/Pods-VoiceRecorder-resources.sh\"\n";
			showEnvVarsInLog = 0;
		};
		31DADE0BD84D9E2C9685552F /* [CP] Embed Pods Frameworks */ = {
			isa = PBXShellScriptBuildPhase;
			buildActionMask = 2147483647;
			files = (
			);
			inputPaths = (
			);
			name = "[CP] Embed Pods Frameworks";
			outputPaths = (
			);
			runOnlyForDeploymentPostprocessing = 0;
			shellPath = /bin/sh;
			shellScript = "\"${SRCROOT}/../Pods/Target Support Files/Pods-VoiceRecorder/Pods-VoiceRecorder-frameworks.sh\"\n";
			showEnvVarsInLog = 0;
		};
		9841D4DB7BDBB5F4F09C00C5 /* [CP] Check Pods Manifest.lock */ = {
			isa = PBXShellScriptBuildPhase;
			buildActionMask = 2147483647;
			files = (
			);
			inputPaths = (
			);
			name = "[CP] Check Pods Manifest.lock";
			outputPaths = (
			);
			runOnlyForDeploymentPostprocessing = 0;
			shellPath = /bin/sh;
			shellScript = "diff \"${PODS_ROOT}/../Podfile.lock\" \"${PODS_ROOT}/Manifest.lock\" > /dev/null\nif [ $? != 0 ] ; then\n    # print error to STDERR\n    echo \"error: The sandbox is not in sync with the Podfile.lock. Run 'pod install' or update your CocoaPods installation.\" >&2\n    exit 1\nfi\n";
			showEnvVarsInLog = 0;
		};
/* End PBXShellScriptBuildPhase section */

/* Begin PBXSourcesBuildPhase section */
		36A84B881F82721700749504 /* Sources */ = {
			isa = PBXSourcesBuildPhase;
			buildActionMask = 2147483647;
			files = (
				36508C9C1F83E27A00403423 /* AudioRecorder.swift in Sources */,
				36508C9F1F83E27A00403423 /* IFileStorage.swift in Sources */,
				36508CAB1F83E27A00403423 /* VoiceRecorderViewModel+Recorder.swift in Sources */,
				36508C9E1F83E27A00403423 /* FileStorage.swift in Sources */,
				36508CA61F83E27A00403423 /* UIViewController+Alert.swift in Sources */,
				36508CA11F83E27A00403423 /* NetworkService+API.swift in Sources */,
				36508CA71F83E27A00403423 /* VoiceRecorderViewController.swift in Sources */,
				36508CA21F83E27A00403423 /* NetworkService.swift in Sources */,
				36508CA31F83E27A00403423 /* Utils.swift in Sources */,
				36508C5C1F83E12500403423 /* AppDelegate.swift in Sources */,
				36508CA81F83E27A00403423 /* IVoiceRecorderViewModel.swift in Sources */,
				36508CA91F83E27A00403423 /* VoiceRecorderViewModel+APIClient.swift in Sources */,
				36508CA51F83E27A00403423 /* TapAndHoldButton.swift in Sources */,
				36508C9D1F83E27A00403423 /* String+Localized.swift in Sources */,
				36508C9B1F83E27A00403423 /* AudioPlayer.swift in Sources */,
				36508CAA1F83E27A00403423 /* VoiceRecorderViewModel+Player.swift in Sources */,
				36508CA01F83E27A00403423 /* IAPIClient.swift in Sources */,
				36508CAC1F83E27A00403423 /* VoiceRecorderViewModel.swift in Sources */,
			);
			runOnlyForDeploymentPostprocessing = 0;
		};
		36A84B9C1F82721700749504 /* Sources */ = {
			isa = PBXSourcesBuildPhase;
			buildActionMask = 2147483647;
			files = (
			);
			runOnlyForDeploymentPostprocessing = 0;
		};
/* End PBXSourcesBuildPhase section */

/* Begin PBXTargetDependency section */
		36A84BA21F82721700749504 /* PBXTargetDependency */ = {
			isa = PBXTargetDependency;
			target = 36A84B8B1F82721700749504 /* VoiceRecorder */;
			targetProxy = 36A84BA11F82721700749504 /* PBXContainerItemProxy */;
		};
/* End PBXTargetDependency section */

/* Begin PBXVariantGroup section */
		36508C2E1F83E12500403423 /* LaunchScreen.storyboard */ = {
			isa = PBXVariantGroup;
			children = (
				36508C2F1F83E12500403423 /* Base */,
			);
			name = LaunchScreen.storyboard;
			sourceTree = "<group>";
		};
		36508C301F83E12500403423 /* Main.storyboard */ = {
			isa = PBXVariantGroup;
			children = (
				36508C311F83E12500403423 /* Base */,
			);
			name = Main.storyboard;
			sourceTree = "<group>";
		};
/* End PBXVariantGroup section */

/* Begin XCBuildConfiguration section */
		36A84BA71F82721700749504 /* Debug */ = {
			isa = XCBuildConfiguration;
			buildSettings = {
				ALWAYS_SEARCH_USER_PATHS = NO;
				CLANG_ANALYZER_NONNULL = YES;
				CLANG_ANALYZER_NUMBER_OBJECT_CONVERSION = YES_AGGRESSIVE;
				CLANG_CXX_LANGUAGE_STANDARD = "gnu++0x";
				CLANG_CXX_LIBRARY = "libc++";
				CLANG_ENABLE_MODULES = YES;
				CLANG_ENABLE_OBJC_ARC = YES;
				CLANG_WARN_BOOL_CONVERSION = YES;
				CLANG_WARN_CONSTANT_CONVERSION = YES;
				CLANG_WARN_DIRECT_OBJC_ISA_USAGE = YES_ERROR;
				CLANG_WARN_DOCUMENTATION_COMMENTS = YES;
				CLANG_WARN_EMPTY_BODY = YES;
				CLANG_WARN_ENUM_CONVERSION = YES;
				CLANG_WARN_INFINITE_RECURSION = YES;
				CLANG_WARN_INT_CONVERSION = YES;
				CLANG_WARN_OBJC_ROOT_CLASS = YES_ERROR;
				CLANG_WARN_SUSPICIOUS_MOVE = YES;
				CLANG_WARN_UNREACHABLE_CODE = YES;
				CLANG_WARN__DUPLICATE_METHOD_MATCH = YES;
				"CODE_SIGN_IDENTITY[sdk=iphoneos*]" = "iPhone Developer";
				COPY_PHASE_STRIP = NO;
				DEBUG_INFORMATION_FORMAT = dwarf;
				ENABLE_STRICT_OBJC_MSGSEND = YES;
				ENABLE_TESTABILITY = YES;
				GCC_C_LANGUAGE_STANDARD = gnu99;
				GCC_DYNAMIC_NO_PIC = NO;
				GCC_NO_COMMON_BLOCKS = YES;
				GCC_OPTIMIZATION_LEVEL = 0;
				GCC_PREPROCESSOR_DEFINITIONS = (
					"DEBUG=1",
					"$(inherited)",
				);
				GCC_WARN_64_TO_32_BIT_CONVERSION = YES;
				GCC_WARN_ABOUT_RETURN_TYPE = YES_ERROR;
				GCC_WARN_UNDECLARED_SELECTOR = YES;
				GCC_WARN_UNINITIALIZED_AUTOS = YES_AGGRESSIVE;
				GCC_WARN_UNUSED_FUNCTION = YES;
				GCC_WARN_UNUSED_VARIABLE = YES;
				IPHONEOS_DEPLOYMENT_TARGET = 10.3;
				MTL_ENABLE_DEBUG_INFO = YES;
				ONLY_ACTIVE_ARCH = YES;
				SDKROOT = iphoneos;
				SWIFT_ACTIVE_COMPILATION_CONDITIONS = DEBUG;
				SWIFT_OPTIMIZATION_LEVEL = "-Onone";
			};
			name = Debug;
		};
		36A84BA81F82721700749504 /* Release */ = {
			isa = XCBuildConfiguration;
			buildSettings = {
				ALWAYS_SEARCH_USER_PATHS = NO;
				CLANG_ANALYZER_NONNULL = YES;
				CLANG_ANALYZER_NUMBER_OBJECT_CONVERSION = YES_AGGRESSIVE;
				CLANG_CXX_LANGUAGE_STANDARD = "gnu++0x";
				CLANG_CXX_LIBRARY = "libc++";
				CLANG_ENABLE_MODULES = YES;
				CLANG_ENABLE_OBJC_ARC = YES;
				CLANG_WARN_BOOL_CONVERSION = YES;
				CLANG_WARN_CONSTANT_CONVERSION = YES;
				CLANG_WARN_DIRECT_OBJC_ISA_USAGE = YES_ERROR;
				CLANG_WARN_DOCUMENTATION_COMMENTS = YES;
				CLANG_WARN_EMPTY_BODY = YES;
				CLANG_WARN_ENUM_CONVERSION = YES;
				CLANG_WARN_INFINITE_RECURSION = YES;
				CLANG_WARN_INT_CONVERSION = YES;
				CLANG_WARN_OBJC_ROOT_CLASS = YES_ERROR;
				CLANG_WARN_SUSPICIOUS_MOVE = YES;
				CLANG_WARN_UNREACHABLE_CODE = YES;
				CLANG_WARN__DUPLICATE_METHOD_MATCH = YES;
				"CODE_SIGN_IDENTITY[sdk=iphoneos*]" = "iPhone Developer";
				COPY_PHASE_STRIP = NO;
				DEBUG_INFORMATION_FORMAT = "dwarf-with-dsym";
				ENABLE_NS_ASSERTIONS = NO;
				ENABLE_STRICT_OBJC_MSGSEND = YES;
				GCC_C_LANGUAGE_STANDARD = gnu99;
				GCC_NO_COMMON_BLOCKS = YES;
				GCC_WARN_64_TO_32_BIT_CONVERSION = YES;
				GCC_WARN_ABOUT_RETURN_TYPE = YES_ERROR;
				GCC_WARN_UNDECLARED_SELECTOR = YES;
				GCC_WARN_UNINITIALIZED_AUTOS = YES_AGGRESSIVE;
				GCC_WARN_UNUSED_FUNCTION = YES;
				GCC_WARN_UNUSED_VARIABLE = YES;
				IPHONEOS_DEPLOYMENT_TARGET = 10.3;
				MTL_ENABLE_DEBUG_INFO = NO;
				SDKROOT = iphoneos;
				SWIFT_OPTIMIZATION_LEVEL = "-Owholemodule";
				VALIDATE_PRODUCT = YES;
			};
			name = Release;
		};
		36A84BAA1F82721700749504 /* Debug */ = {
			isa = XCBuildConfiguration;
			baseConfigurationReference = AEE3CF1C5D3EA40603E62BFF /* Pods-VoiceRecorder.debug.xcconfig */;
			buildSettings = {
				ASSETCATALOG_COMPILER_APPICON_NAME = AppIcon;
				DEVELOPMENT_TEAM = T4FZEXKFYW;
				INFOPLIST_FILE = VoiceRecorder/Info.plist;
				IPHONEOS_DEPLOYMENT_TARGET = 9.3;
				LD_RUNPATH_SEARCH_PATHS = "$(inherited) @executable_path/Frameworks";
				PRODUCT_BUNDLE_IDENTIFIER = com.irudometov.VoiceRecorder;
				PRODUCT_NAME = "$(TARGET_NAME)";
				SWIFT_VERSION = 3.0;
			};
			name = Debug;
		};
		36A84BAB1F82721700749504 /* Release */ = {
			isa = XCBuildConfiguration;
			baseConfigurationReference = FEF5E406F10C198611636EF2 /* Pods-VoiceRecorder.release.xcconfig */;
			buildSettings = {
				ASSETCATALOG_COMPILER_APPICON_NAME = AppIcon;
				DEVELOPMENT_TEAM = T4FZEXKFYW;
				INFOPLIST_FILE = VoiceRecorder/Info.plist;
				IPHONEOS_DEPLOYMENT_TARGET = 9.3;
				LD_RUNPATH_SEARCH_PATHS = "$(inherited) @executable_path/Frameworks";
				PRODUCT_BUNDLE_IDENTIFIER = com.irudometov.VoiceRecorder;
				PRODUCT_NAME = "$(TARGET_NAME)";
				SWIFT_VERSION = 3.0;
			};
			name = Release;
		};
		36A84BAD1F82721700749504 /* Debug */ = {
			isa = XCBuildConfiguration;
			buildSettings = {
				ALWAYS_EMBED_SWIFT_STANDARD_LIBRARIES = YES;
				BUNDLE_LOADER = "$(TEST_HOST)";
				DEVELOPMENT_TEAM = T4FZEXKFYW;
				INFOPLIST_FILE = VoiceRecorderTests/Info.plist;
				LD_RUNPATH_SEARCH_PATHS = "$(inherited) @executable_path/Frameworks @loader_path/Frameworks";
				PRODUCT_BUNDLE_IDENTIFIER = com.irudometov.VoiceRecorderTests;
				PRODUCT_NAME = "$(TARGET_NAME)";
				SWIFT_VERSION = 3.0;
				TEST_HOST = "$(BUILT_PRODUCTS_DIR)/VoiceRecorder.app/VoiceRecorder";
			};
			name = Debug;
		};
		36A84BAE1F82721700749504 /* Release */ = {
			isa = XCBuildConfiguration;
			buildSettings = {
				ALWAYS_EMBED_SWIFT_STANDARD_LIBRARIES = YES;
				BUNDLE_LOADER = "$(TEST_HOST)";
				DEVELOPMENT_TEAM = T4FZEXKFYW;
				INFOPLIST_FILE = VoiceRecorderTests/Info.plist;
				LD_RUNPATH_SEARCH_PATHS = "$(inherited) @executable_path/Frameworks @loader_path/Frameworks";
				PRODUCT_BUNDLE_IDENTIFIER = com.irudometov.VoiceRecorderTests;
				PRODUCT_NAME = "$(TARGET_NAME)";
				SWIFT_VERSION = 3.0;
				TEST_HOST = "$(BUILT_PRODUCTS_DIR)/VoiceRecorder.app/VoiceRecorder";
			};
			name = Release;
		};
/* End XCBuildConfiguration section */

/* Begin XCConfigurationList section */
		36A84B871F82721700749504 /* Build configuration list for PBXProject "VoiceRecorder" */ = {
			isa = XCConfigurationList;
			buildConfigurations = (
				36A84BA71F82721700749504 /* Debug */,
				36A84BA81F82721700749504 /* Release */,
			);
			defaultConfigurationIsVisible = 0;
			defaultConfigurationName = Release;
		};
		36A84BA91F82721700749504 /* Build configuration list for PBXNativeTarget "VoiceRecorder" */ = {
			isa = XCConfigurationList;
			buildConfigurations = (
				36A84BAA1F82721700749504 /* Debug */,
				36A84BAB1F82721700749504 /* Release */,
			);
			defaultConfigurationIsVisible = 0;
			defaultConfigurationName = Release;
		};
		36A84BAC1F82721700749504 /* Build configuration list for PBXNativeTarget "VoiceRecorderTests" */ = {
			isa = XCConfigurationList;
			buildConfigurations = (
				36A84BAD1F82721700749504 /* Debug */,
				36A84BAE1F82721700749504 /* Release */,
			);
			defaultConfigurationIsVisible = 0;
			defaultConfigurationName = Release;
		};
/* End XCConfigurationList section */
	};
	rootObject = 36A84B841F82721700749504 /* Project object */;
}
